<Solution>
  <Folder Name="/src/">
    <Project Path="src/GSCode.Core/GSCode.Core.csproj" />
    <Project Path="src/GSCode.Parser/GSCode.Parser.csproj" />
    <Project Path="src/GSCode.Server/GSCode.Server.csproj" />
    <Project Path="src/GSCode.Workspace/GSCode.Workspace.csproj" />
  </Folder>
  <Folder Name="/tests/">
    <Project Path="tests/GSCode.Parser.Tests/GSCode.Parser.Tests.csproj" />
    <Project Path="tests/GSCode.Server.Tests/GSCode.Server.Tests.csproj" />
    <Project Path="tests/GSCode.Workspace.Tests/GSCode.Workspace.Tests.csproj" />
  </Folder>
</Solution>
